
Microsoft Visual Studio Solution File, Format Version 12.00
# Visual Studio Version 16
VisualStudioVersion = 16.0.31424.327
MinimumVisualStudioVersion = 10.0.40219.1
Project("{FAE04EC0-301F-11D3-BF4B-00C04F79EFBC}") = "Pluralsight.SOLID.RatingEngineSample", "Pluralsight.SOLID.RatingEngineSample\Pluralsight.SOLID.RatingEngineSample.csproj", "{5C561BB7-C6E2-49BE-8A9E-A51A11191DA4}"
EndProject
Global
	GlobalSection(SolutionConfigurationPlatforms) = preSolution
		Debug|Any CPU = Debug|Any CPU
		Release|Any CPU = Release|Any CPU
	EndGlobalSection
	GlobalSection(ProjectConfigurationPlatforms) = postSolution
		{5C561BB7-C6E2-49BE-8A9E-A51A11191DA4}.Debug|Any CPU.ActiveCfg = Debug|Any CPU
		{5C561BB7-C6E2-49BE-8A9E-A51A11191DA4}.Debug|Any CPU.Build.0 = Debug|Any CPU
		{5C561BB7-C6E2-49BE-8A9E-A51A11191DA4}.Release|Any CPU.ActiveCfg = Release|Any CPU
		{5C561BB7-C6E2-49BE-8A9E-A51A11191DA4}.Release|Any CPU.Build.0 = Release|Any CPU
	EndGlobalSection
	GlobalSection(SolutionProperties) = preSolution
		HideSolutionNode = FALSE
	EndGlobalSection
	GlobalSection(ExtensibilityGlobals) = postSolution
		SolutionGuid = {CD8BB18C-F82B-4A26-AC74-000B7ACA4AD5}
	EndGlobalSection
EndGlobal
